
Microsoft Visual Studio Solution File, Format Version 12.00
# Visual Studio Version 17
VisualStudioVersion = 17.7.34031.279
MinimumVisualStudioVersion = 10.0.40219.1
Project("{FAE04EC0-301F-11D3-BF4B-00C04F79EFBC}") = "BookCollection", "BookCollection\BookCollection.csproj", "{D51B3539-FE80-46D4-85BD-651ABD8ADFF6}"
EndProject
Global
	GlobalSection(SolutionConfigurationPlatforms) = preSolution
		Debug|Any CPU = Debug|Any CPU
		Release|Any CPU = Release|Any CPU
	EndGlobalSection
	GlobalSection(ProjectConfigurationPlatforms) = postSolution
		{D51B3539-FE80-46D4-85BD-651ABD8ADFF6}.Debug|Any CPU.ActiveCfg = Debug|Any CPU
		{D51B3539-FE80-46D4-85BD-651ABD8ADFF6}.Debug|Any CPU.Build.0 = Debug|Any CPU
		{D51B3539-FE80-46D4-85BD-651ABD8ADFF6}.Release|Any CPU.ActiveCfg = Release|Any CPU
		{D51B3539-FE80-46D4-85BD-651ABD8ADFF6}.Release|Any CPU.Build.0 = Release|Any CPU
	EndGlobalSection
	GlobalSection(SolutionProperties) = preSolution
		HideSolutionNode = FALSE
	EndGlobalSection
	GlobalSection(ExtensibilityGlobals) = postSolution
		SolutionGuid = {4D5B0825-EE97-47EA-92CF-6995646AF888}
	EndGlobalSection
EndGlobal
